{
  "nodes": {
    "flakeNimbleLib": {
      "inputs": {
        "nixpkgs": [
          "nixpkgs"
        ]
      },
      "locked": {
        "lastModified": 1662018438,
        "narHash": "sha256-QtNtU6+LX3Wokxf0zlFwKTFOcn6TeDjKQZ+DA9OYtvM=",
        "owner": "riinr",
        "repo": "nim-flakes-lib",
        "rev": "b1fe8340736e3a85d25c709ac3dfd82a55c03cbf",
        "type": "github"
      },
      "original": {
        "owner": "riinr",
        "ref": "master",
        "repo": "nim-flakes-lib",
        "type": "github"
      }
    },
    "nixpkgs": {
      "locked": {
        "lastModified": 1667199707,
        "narHash": "sha256-I2Js3Y7gUyVSEXPULHlBoRek4Lh85vnevdS6mdvDNLI=",
        "owner": "NixOS",
        "repo": "nixpkgs",
        "rev": "ced197be72099edcfa68ebed8b87af7b04851f45",
        "type": "github"
      },
      "original": {
        "id": "nixpkgs",
        "type": "indirect"
      }
    },
    "root": {
      "inputs": {
        "flakeNimbleLib": "flakeNimbleLib",
        "nixpkgs": "nixpkgs",
        "xmldomparser-master": "xmldomparser-master"
      }
    },
    "src-xmldomparser-master": {
      "flake": false,
      "locked": {
        "dir": "xmldomparser",
        "lastModified": 1661381415,
        "narHash": "sha256-Z92h2ODypAdSJqb1IB1UVKMFTxPtaI6ivNKeSe6hnm0=",
        "owner": "nim-lang",
        "repo": "graveyard",
        "rev": "cca4055a063e2469de820495ec403a0c11ba837f",
        "type": "github"
      },
      "original": {
        "dir": "xmldomparser",
        "owner": "nim-lang",
        "ref": "refs/heads/master",
        "repo": "graveyard",
        "type": "github"
      }
    },
    "xmldomparser-master": {
      "inputs": {
        "flakeNimbleLib": [
          "flakeNimbleLib"
        ],
        "nixpkgs": [
          "nixpkgs"
        ],
        "src-xmldomparser-master": "src-xmldomparser-master"
      },
      "locked": {
        "dir": "master",
        "lastModified": 1667322810,
        "narHash": "sha256-GYvhelpFE7xB6fgshIrDSt1uHd4f4KBcuxru+6S+AoM=",
        "owner": "nim-nix-pkgs",
        "repo": "xmldomparser",
        "rev": "9f4665a43a7cf46fae64c1403f9e1684de3e4866",
        "type": "github"
      },
      "original": {
        "dir": "master",
        "owner": "nim-nix-pkgs",
        "ref": "master",
        "repo": "xmldomparser",
        "type": "github"
      }
    }
  },
  "root": "root",
  "version": 7
}
